// !$*UTF8*$!
{
	archiveVersion = 1;
	classes = {
	};
	objectVersion = 50;
	objects = {

/* Begin PBXBuildFile section */
		2430326323C87E4900A4C8D5 /* AppDelegate.swift in Sources */ = {isa = PBXBuildFile; fileRef = 2430326223C87E4900A4C8D5 /* AppDelegate.swift */; };
		2430326523C87E4900A4C8D5 /* SceneDelegate.swift in Sources */ = {isa = PBXBuildFile; fileRef = 2430326423C87E4900A4C8D5 /* SceneDelegate.swift */; };
		2430326723C87E4900A4C8D5 /* TodoeyViewController.swift in Sources */ = {isa = PBXBuildFile; fileRef = 2430326623C87E4900A4C8D5 /* TodoeyViewController.swift */; };
		2430326A23C87E4900A4C8D5 /* Main.storyboard in Resources */ = {isa = PBXBuildFile; fileRef = 2430326823C87E4900A4C8D5 /* Main.storyboard */; };
		2430326D23C87E4900A4C8D5 /* TodoeyApp.xcdatamodeld in Sources */ = {isa = PBXBuildFile; fileRef = 2430326B23C87E4900A4C8D5 /* TodoeyApp.xcdatamodeld */; };
		2430326F23C87E4A00A4C8D5 /* Assets.xcassets in Resources */ = {isa = PBXBuildFile; fileRef = 2430326E23C87E4A00A4C8D5 /* Assets.xcassets */; };
		2430327223C87E4A00A4C8D5 /* LaunchScreen.storyboard in Resources */ = {isa = PBXBuildFile; fileRef = 2430327023C87E4A00A4C8D5 /* LaunchScreen.storyboard */; };
		2430328123C8803B00A4C8D5 /* TodoeyCell.swift in Sources */ = {isa = PBXBuildFile; fileRef = 2430327F23C8803B00A4C8D5 /* TodoeyCell.swift */; };
		2430328223C8803B00A4C8D5 /* TodoeyCell.xib in Resources */ = {isa = PBXBuildFile; fileRef = 2430328023C8803B00A4C8D5 /* TodoeyCell.xib */; };
/* End PBXBuildFile section */

/* Begin PBXFileReference section */
		2430325F23C87E4900A4C8D5 /* TodoeyApp.app */ = {isa = PBXFileReference; explicitFileType = wrapper.application; includeInIndex = 0; path = TodoeyApp.app; sourceTree = BUILT_PRODUCTS_DIR; };
		2430326223C87E4900A4C8D5 /* AppDelegate.swift */ = {isa = PBXFileReference; lastKnownFileType = sourcecode.swift; path = AppDelegate.swift; sourceTree = "<group>"; };
		2430326423C87E4900A4C8D5 /* SceneDelegate.swift */ = {isa = PBXFileReference; lastKnownFileType = sourcecode.swift; path = SceneDelegate.swift; sourceTree = "<group>"; };
		2430326623C87E4900A4C8D5 /* TodoeyViewController.swift */ = {isa = PBXFileReference; lastKnownFileType = sourcecode.swift; path = TodoeyViewController.swift; sourceTree = "<group>"; };
		2430326923C87E4900A4C8D5 /* Base */ = {isa = PBXFileReference; lastKnownFileType = file.storyboard; name = Base; path = Base.lproj/Main.storyboard; sourceTree = "<group>"; };
		2430326C23C87E4900A4C8D5 /* TodoeyApp.xcdatamodel */ = {isa = PBXFileReference; lastKnownFileType = wrapper.xcdatamodel; path = TodoeyApp.xcdatamodel; sourceTree = "<group>"; };
		2430326E23C87E4A00A4C8D5 /* Assets.xcassets */ = {isa = PBXFileReference; lastKnownFileType = folder.assetcatalog; path = Assets.xcassets; sourceTree = "<group>"; };
		2430327123C87E4A00A4C8D5 /* Base */ = {isa = PBXFileReference; lastKnownFileType = file.storyboard; name = Base; path = Base.lproj/LaunchScreen.storyboard; sourceTree = "<group>"; };
		2430327323C87E4A00A4C8D5 /* Info.plist */ = {isa = PBXFileReference; lastKnownFileType = text.plist.xml; path = Info.plist; sourceTree = "<group>"; };
		2430327F23C8803B00A4C8D5 /* TodoeyCell.swift */ = {isa = PBXFileReference; lastKnownFileType = sourcecode.swift; path = TodoeyCell.swift; sourceTree = "<group>"; };
		2430328023C8803B00A4C8D5 /* TodoeyCell.xib */ = {isa = PBXFileReference; lastKnownFileType = file.xib; path = TodoeyCell.xib; sourceTree = "<group>"; };
/* End PBXFileReference section */

/* Begin PBXFrameworksBuildPhase section */
		2430325C23C87E4900A4C8D5 /* Frameworks */ = {
			isa = PBXFrameworksBuildPhase;
			buildActionMask = 2147483647;
			files = (
			);
			runOnlyForDeploymentPostprocessing = 0;
		};
/* End PBXFrameworksBuildPhase section */

/* Begin PBXGroup section */
		2430325623C87E4900A4C8D5 = {
			isa = PBXGroup;
			children = (
				2430326123C87E4900A4C8D5 /* TodoeyApp */,
				2430326023C87E4900A4C8D5 /* Products */,
			);
			sourceTree = "<group>";
		};
		2430326023C87E4900A4C8D5 /* Products */ = {
			isa = PBXGroup;
			children = (
				2430325F23C87E4900A4C8D5 /* TodoeyApp.app */,
			);
			name = Products;
			sourceTree = "<group>";
		};
		2430326123C87E4900A4C8D5 /* TodoeyApp */ = {
			isa = PBXGroup;
			children = (
				2430327923C87E6B00A4C8D5 /* Core */,
				2430327A23C87E7400A4C8D5 /* Controller */,
				2430328323C88B8E00A4C8D5 /* Model */,
				2430327B23C87E7D00A4C8D5 /* View */,
				2430327C23C87EA500A4C8D5 /* Source */,
				2430327D23C87EB600A4C8D5 /* Config */,
			);
			path = TodoeyApp;
			sourceTree = "<group>";
		};
		2430327923C87E6B00A4C8D5 /* Core */ = {
			isa = PBXGroup;
			children = (
				2430326223C87E4900A4C8D5 /* AppDelegate.swift */,
				2430326423C87E4900A4C8D5 /* SceneDelegate.swift */,
			);
			path = Core;
			sourceTree = "<group>";
		};
		2430327A23C87E7400A4C8D5 /* Controller */ = {
			isa = PBXGroup;
			children = (
				2430326623C87E4900A4C8D5 /* TodoeyViewController.swift */,
				2430327E23C87FFF00A4C8D5 /* CustomCell */,
			);
			path = Controller;
			sourceTree = "<group>";
		};
		2430327B23C87E7D00A4C8D5 /* View */ = {
			isa = PBXGroup;
			children = (
				2430326823C87E4900A4C8D5 /* Main.storyboard */,
			);
			path = View;
			sourceTree = "<group>";
		};
		2430327C23C87EA500A4C8D5 /* Source */ = {
			isa = PBXGroup;
			children = (
				2430326E23C87E4A00A4C8D5 /* Assets.xcassets */,
				2430327023C87E4A00A4C8D5 /* LaunchScreen.storyboard */,
			);
			path = Source;
			sourceTree = "<group>";
		};
		2430327D23C87EB600A4C8D5 /* Config */ = {
			isa = PBXGroup;
			children = (
				2430327323C87E4A00A4C8D5 /* Info.plist */,
				2430326B23C87E4900A4C8D5 /* TodoeyApp.xcdatamodeld */,
			);
			path = Config;
			sourceTree = "<group>";
		};
		2430327E23C87FFF00A4C8D5 /* CustomCell */ = {
			isa = PBXGroup;
			children = (
				2430327F23C8803B00A4C8D5 /* TodoeyCell.swift */,
				2430328023C8803B00A4C8D5 /* TodoeyCell.xib */,
			);
			path = CustomCell;
			sourceTree = "<group>";
		};
		2430328323C88B8E00A4C8D5 /* Model */ = {
			isa = PBXGroup;
			children = (
			);
			path = Model;
			sourceTree = "<group>";
		};
/* End PBXGroup section */

/* Begin PBXNativeTarget section */
		2430325E23C87E4900A4C8D5 /* TodoeyApp */ = {
			isa = PBXNativeTarget;
			buildConfigurationList = 2430327623C87E4A00A4C8D5 /* Build configuration list for PBXNativeTarget "TodoeyApp" */;
			buildPhases = (
				2430325B23C87E4900A4C8D5 /* Sources */,
				2430325C23C87E4900A4C8D5 /* Frameworks */,
				2430325D23C87E4900A4C8D5 /* Resources */,
			);
			buildRules = (
			);
			dependencies = (
			);
			name = TodoeyApp;
			productName = TodoeyApp;
			productReference = 2430325F23C87E4900A4C8D5 /* TodoeyApp.app */;
			productType = "com.apple.product-type.application";
		};
/* End PBXNativeTarget section */

/* Begin PBXProject section */
		2430325723C87E4900A4C8D5 /* Project object */ = {
			isa = PBXProject;
			attributes = {
				LastSwiftUpdateCheck = 1110;
				LastUpgradeCheck = 1110;
				ORGANIZATIONNAME = "Zizo Adel";
				TargetAttributes = {
					2430325E23C87E4900A4C8D5 = {
						CreatedOnToolsVersion = 11.1;
					};
				};
			};
			buildConfigurationList = 2430325A23C87E4900A4C8D5 /* Build configuration list for PBXProject "TodoeyApp" */;
			compatibilityVersion = "Xcode 9.3";
			developmentRegion = en;
			hasScannedForEncodings = 0;
			knownRegions = (
				en,
				Base,
			);
			mainGroup = 2430325623C87E4900A4C8D5;
			productRefGroup = 2430326023C87E4900A4C8D5 /* Products */;
			projectDirPath = "";
			projectRoot = "";
			targets = (
				2430325E23C87E4900A4C8D5 /* TodoeyApp */,
			);
		};
/* End PBXProject section */

/* Begin PBXResourcesBuildPhase section */
		2430325D23C87E4900A4C8D5 /* Resources */ = {
			isa = PBXResourcesBuildPhase;
			buildActionMask = 2147483647;
			files = (
				2430327223C87E4A00A4C8D5 /* LaunchScreen.storyboard in Resources */,
				2430326F23C87E4A00A4C8D5 /* Assets.xcassets in Resources */,
				2430326A23C87E4900A4C8D5 /* Main.storyboard in Resources */,
				2430328223C8803B00A4C8D5 /* TodoeyCell.xib in Resources */,
			);
			runOnlyForDeploymentPostprocessing = 0;
		};
/* End PBXResourcesBuildPhase section */

/* Begin PBXSourcesBuildPhase section */
		2430325B23C87E4900A4C8D5 /* Sources */ = {
			isa = PBXSourcesBuildPhase;
			buildActionMask = 2147483647;
			files = (
				2430328123C8803B00A4C8D5 /* TodoeyCell.swift in Sources */,
				2430326723C87E4900A4C8D5 /* TodoeyViewController.swift in Sources */,
				2430326323C87E4900A4C8D5 /* AppDelegate.swift in Sources */,
				2430326523C87E4900A4C8D5 /* SceneDelegate.swift in Sources */,
				2430326D23C87E4900A4C8D5 /* TodoeyApp.xcdatamodeld in Sources */,
			);
			runOnlyForDeploymentPostprocessing = 0;
		};
/* End PBXSourcesBuildPhase section */

/* Begin PBXVariantGroup section */
		2430326823C87E4900A4C8D5 /* Main.storyboard */ = {
			isa = PBXVariantGroup;
			children = (
				2430326923C87E4900A4C8D5 /* Base */,
			);
			name = Main.storyboard;
			sourceTree = "<group>";
		};
		2430327023C87E4A00A4C8D5 /* LaunchScreen.storyboard */ = {
			isa = PBXVariantGroup;
			children = (
				2430327123C87E4A00A4C8D5 /* Base */,
			);
			name = LaunchScreen.storyboard;
			sourceTree = "<group>";
		};
/* End PBXVariantGroup section */

/* Begin XCBuildConfiguration section */
		2430327423C87E4A00A4C8D5 /* Debug */ = {
			isa = XCBuildConfiguration;
			buildSettings = {
				ALWAYS_SEARCH_USER_PATHS = NO;
				CLANG_ANALYZER_NONNULL = YES;
				CLANG_ANALYZER_NUMBER_OBJECT_CONVERSION = YES_AGGRESSIVE;
				CLANG_CXX_LANGUAGE_STANDARD = "gnu++14";
				CLANG_CXX_LIBRARY = "libc++";
				CLANG_ENABLE_MODULES = YES;
				CLANG_ENABLE_OBJC_ARC = YES;
				CLANG_ENABLE_OBJC_WEAK = YES;
				CLANG_WARN_BLOCK_CAPTURE_AUTORELEASING = YES;
				CLANG_WARN_BOOL_CONVERSION = YES;
				CLANG_WARN_COMMA = YES;
				CLANG_WARN_CONSTANT_CONVERSION = YES;
				CLANG_WARN_DEPRECATED_OBJC_IMPLEMENTATIONS = YES;
				CLANG_WARN_DIRECT_OBJC_ISA_USAGE = YES_ERROR;
				CLANG_WARN_DOCUMENTATION_COMMENTS = YES;
				CLANG_WARN_EMPTY_BODY = YES;
				CLANG_WARN_ENUM_CONVERSION = YES;
				CLANG_WARN_INFINITE_RECURSION = YES;
				CLANG_WARN_INT_CONVERSION = YES;
				CLANG_WARN_NON_LITERAL_NULL_CONVERSION = YES;
				CLANG_WARN_OBJC_IMPLICIT_RETAIN_SELF = YES;
				CLANG_WARN_OBJC_LITERAL_CONVERSION = YES;
				CLANG_WARN_OBJC_ROOT_CLASS = YES_ERROR;
				CLANG_WARN_RANGE_LOOP_ANALYSIS = YES;
				CLANG_WARN_STRICT_PROTOTYPES = YES;
				CLANG_WARN_SUSPICIOUS_MOVE = YES;
				CLANG_WARN_UNGUARDED_AVAILABILITY = YES_AGGRESSIVE;
				CLANG_WARN_UNREACHABLE_CODE = YES;
				CLANG_WARN__DUPLICATE_METHOD_MATCH = YES;
				COPY_PHASE_STRIP = NO;
				DEBUG_INFORMATION_FORMAT = dwarf;
				ENABLE_STRICT_OBJC_MSGSEND = YES;
				ENABLE_TESTABILITY = YES;
				GCC_C_LANGUAGE_STANDARD = gnu11;
				GCC_DYNAMIC_NO_PIC = NO;
				GCC_NO_COMMON_BLOCKS = YES;
				GCC_OPTIMIZATION_LEVEL = 0;
				GCC_PREPROCESSOR_DEFINITIONS = (
					"DEBUG=1",
					"$(inherited)",
				);
				GCC_WARN_64_TO_32_BIT_CONVERSION = YES;
				GCC_WARN_ABOUT_RETURN_TYPE = YES_ERROR;
				GCC_WARN_UNDECLARED_SELECTOR = YES;
				GCC_WARN_UNINITIALIZED_AUTOS = YES_AGGRESSIVE;
				GCC_WARN_UNUSED_FUNCTION = YES;
				GCC_WARN_UNUSED_VARIABLE = YES;
				IPHONEOS_DEPLOYMENT_TARGET = 13.1;
				MTL_ENABLE_DEBUG_INFO = INCLUDE_SOURCE;
				MTL_FAST_MATH = YES;
				ONLY_ACTIVE_ARCH = YES;
				SDKROOT = iphoneos;
				SWIFT_ACTIVE_COMPILATION_CONDITIONS = DEBUG;
				SWIFT_OPTIMIZATION_LEVEL = "-Onone";
			};
			name = Debug;
		};
		2430327523C87E4A00A4C8D5 /* Release */ = {
			isa = XCBuildConfiguration;
			buildSettings = {
				ALWAYS_SEARCH_USER_PATHS = NO;
				CLANG_ANALYZER_NONNULL = YES;
				CLANG_ANALYZER_NUMBER_OBJECT_CONVERSION = YES_AGGRESSIVE;
				CLANG_CXX_LANGUAGE_STANDARD = "gnu++14";
				CLANG_CXX_LIBRARY = "libc++";
				CLANG_ENABLE_MODULES = YES;
				CLANG_ENABLE_OBJC_ARC = YES;
				CLANG_ENABLE_OBJC_WEAK = YES;
				CLANG_WARN_BLOCK_CAPTURE_AUTORELEASING = YES;
				CLANG_WARN_BOOL_CONVERSION = YES;
				CLANG_WARN_COMMA = YES;
				CLANG_WARN_CONSTANT_CONVERSION = YES;
				CLANG_WARN_DEPRECATED_OBJC_IMPLEMENTATIONS = YES;
				CLANG_WARN_DIRECT_OBJC_ISA_USAGE = YES_ERROR;
				CLANG_WARN_DOCUMENTATION_COMMENTS = YES;
				CLANG_WARN_EMPTY_BODY = YES;
				CLANG_WARN_ENUM_CONVERSION = YES;
				CLANG_WARN_INFINITE_RECURSION = YES;
				CLANG_WARN_INT_CONVERSION = YES;
				CLANG_WARN_NON_LITERAL_NULL_CONVERSION = YES;
				CLANG_WARN_OBJC_IMPLICIT_RETAIN_SELF = YES;
				CLANG_WARN_OBJC_LITERAL_CONVERSION = YES;
				CLANG_WARN_OBJC_ROOT_CLASS = YES_ERROR;
				CLANG_WARN_RANGE_LOOP_ANALYSIS = YES;
				CLANG_WARN_STRICT_PROTOTYPES = YES;
				CLANG_WARN_SUSPICIOUS_MOVE = YES;
				CLANG_WARN_UNGUARDED_AVAILABILITY = YES_AGGRESSIVE;
				CLANG_WARN_UNREACHABLE_CODE = YES;
				CLANG_WARN__DUPLICATE_METHOD_MATCH = YES;
				COPY_PHASE_STRIP = NO;
				DEBUG_INFORMATION_FORMAT = "dwarf-with-dsym";
				ENABLE_NS_ASSERTIONS = NO;
				ENABLE_STRICT_OBJC_MSGSEND = YES;
				GCC_C_LANGUAGE_STANDARD = gnu11;
				GCC_NO_COMMON_BLOCKS = YES;
				GCC_WARN_64_TO_32_BIT_CONVERSION = YES;
				GCC_WARN_ABOUT_RETURN_TYPE = YES_ERROR;
				GCC_WARN_UNDECLARED_SELECTOR = YES;
				GCC_WARN_UNINITIALIZED_AUTOS = YES_AGGRESSIVE;
				GCC_WARN_UNUSED_FUNCTION = YES;
				GCC_WARN_UNUSED_VARIABLE = YES;
				IPHONEOS_DEPLOYMENT_TARGET = 13.1;
				MTL_ENABLE_DEBUG_INFO = NO;
				MTL_FAST_MATH = YES;
				SDKROOT = iphoneos;
				SWIFT_COMPILATION_MODE = wholemodule;
				SWIFT_OPTIMIZATION_LEVEL = "-O";
				VALIDATE_PRODUCT = YES;
			};
			name = Release;
		};
		2430327723C87E4A00A4C8D5 /* Debug */ = {
			isa = XCBuildConfiguration;
			buildSettings = {
				ASSETCATALOG_COMPILER_APPICON_NAME = AppIcon;
				CODE_SIGN_STYLE = Automatic;
				INFOPLIST_FILE = TodoeyApp/Config/Info.plist;
				LD_RUNPATH_SEARCH_PATHS = (
					"$(inherited)",
					"@executable_path/Frameworks",
				);
				PRODUCT_BUNDLE_IDENTIFIER = com.zizo.TodoeyApp;
				PRODUCT_NAME = "$(TARGET_NAME)";
				SWIFT_VERSION = 5.0;
				TARGETED_DEVICE_FAMILY = "1,2";
			};
			name = Debug;
		};
		2430327823C87E4A00A4C8D5 /* Release */ = {
			isa = XCBuildConfiguration;
			buildSettings = {
				ASSETCATALOG_COMPILER_APPICON_NAME = AppIcon;
				CODE_SIGN_STYLE = Automatic;
				INFOPLIST_FILE = TodoeyApp/Config/Info.plist;
				LD_RUNPATH_SEARCH_PATHS = (
					"$(inherited)",
					"@executable_path/Frameworks",
				);
				PRODUCT_BUNDLE_IDENTIFIER = com.zizo.TodoeyApp;
				PRODUCT_NAME = "$(TARGET_NAME)";
				SWIFT_VERSION = 5.0;
				TARGETED_DEVICE_FAMILY = "1,2";
			};
			name = Release;
		};
/* End XCBuildConfiguration section */

/* Begin XCConfigurationList section */
		2430325A23C87E4900A4C8D5 /* Build configuration list for PBXProject "TodoeyApp" */ = {
			isa = XCConfigurationList;
			buildConfigurations = (
				2430327423C87E4A00A4C8D5 /* Debug */,
				2430327523C87E4A00A4C8D5 /* Release */,
			);
			defaultConfigurationIsVisible = 0;
			defaultConfigurationName = Release;
		};
		2430327623C87E4A00A4C8D5 /* Build configuration list for PBXNativeTarget "TodoeyApp" */ = {
			isa = XCConfigurationList;
			buildConfigurations = (
				2430327723C87E4A00A4C8D5 /* Debug */,
				2430327823C87E4A00A4C8D5 /* Release */,
			);
			defaultConfigurationIsVisible = 0;
			defaultConfigurationName = Release;
		};
/* End XCConfigurationList section */

/* Begin XCVersionGroup section */
		2430326B23C87E4900A4C8D5 /* TodoeyApp.xcdatamodeld */ = {
			isa = XCVersionGroup;
			children = (
				2430326C23C87E4900A4C8D5 /* TodoeyApp.xcdatamodel */,
			);
			currentVersion = 2430326C23C87E4900A4C8D5 /* TodoeyApp.xcdatamodel */;
			path = TodoeyApp.xcdatamodeld;
			sourceTree = "<group>";
			versionGroupType = wrapper.xcdatamodel;
		};
/* End XCVersionGroup section */
	};
	rootObject = 2430325723C87E4900A4C8D5 /* Project object */;
}
